
Microsoft Visual Studio Solution File, Format Version 12.00
# Visual Studio Version 17
VisualStudioVersion = 17.9.34607.119
MinimumVisualStudioVersion = 10.0.40219.1
Project("{FAE04EC0-301F-11D3-BF4B-00C04F79EFBC}") = "unoserieiii", "unoserieiii\unoserieiii.csproj", "{4A3D062E-E78E-4E15-AE94-0336E01FF232}"
EndProject
Global
	GlobalSection(SolutionConfigurationPlatforms) = preSolution
		Debug|Any CPU = Debug|Any CPU
		Release|Any CPU = Release|Any CPU
	EndGlobalSection
	GlobalSection(ProjectConfigurationPlatforms) = postSolution
		{4A3D062E-E78E-4E15-AE94-0336E01FF232}.Debug|Any CPU.ActiveCfg = Debug|Any CPU
		{4A3D062E-E78E-4E15-AE94-0336E01FF232}.Debug|Any CPU.Build.0 = Debug|Any CPU
		{4A3D062E-E78E-4E15-AE94-0336E01FF232}.Release|Any CPU.ActiveCfg = Release|Any CPU
		{4A3D062E-E78E-4E15-AE94-0336E01FF232}.Release|Any CPU.Build.0 = Release|Any CPU
	EndGlobalSection
	GlobalSection(SolutionProperties) = preSolution
		HideSolutionNode = FALSE
	EndGlobalSection
	GlobalSection(ExtensibilityGlobals) = postSolution
		SolutionGuid = {0D5FA08B-E686-4BB3-BD50-6F51A4008B88}
	EndGlobalSection
EndGlobal
