
Microsoft Visual Studio Solution File, Format Version 12.00
# Visual Studio Version 17
VisualStudioVersion = 17.9.34607.119
MinimumVisualStudioVersion = 10.0.40219.1
Project("{FAE04EC0-301F-11D3-BF4B-00C04F79EFBC}") = "primer", "primer\primer.csproj", "{A5D4E128-5942-4AA5-B8D5-D623168A3DE1}"
EndProject
Global
	GlobalSection(SolutionConfigurationPlatforms) = preSolution
		Debug|Any CPU = Debug|Any CPU
		Release|Any CPU = Release|Any CPU
	EndGlobalSection
	GlobalSection(ProjectConfigurationPlatforms) = postSolution
		{A5D4E128-5942-4AA5-B8D5-D623168A3DE1}.Debug|Any CPU.ActiveCfg = Debug|Any CPU
		{A5D4E128-5942-4AA5-B8D5-D623168A3DE1}.Debug|Any CPU.Build.0 = Debug|Any CPU
		{A5D4E128-5942-4AA5-B8D5-D623168A3DE1}.Release|Any CPU.ActiveCfg = Release|Any CPU
		{A5D4E128-5942-4AA5-B8D5-D623168A3DE1}.Release|Any CPU.Build.0 = Release|Any CPU
	EndGlobalSection
	GlobalSection(SolutionProperties) = preSolution
		HideSolutionNode = FALSE
	EndGlobalSection
	GlobalSection(ExtensibilityGlobals) = postSolution
		SolutionGuid = {8F9EFEF5-8228-4B01-9079-61560860132E}
	EndGlobalSection
EndGlobal
